{
  "object": {
    "pins": [
      {
        "package": "Alamofire",
        "repositoryURL": "https://github.com/Alamofire/Alamofire.git",
        "state": {
          "branch": null,
          "revision": "bc973c5311ce3db3f01a9fcde027fb11fa2254bf",
          "version": "4.6.0"
        }
      },
      {
        "package": "RxSwift",
        "repositoryURL": "https://github.com/ReactiveX/RxSwift.git",
        "state": {
          "branch": null,
          "revision": "80de9622b9bd1dca409b0e66e3ccc418676e571e",
          "version": "3.6.1"
        }
      },
      {
        "package": "SwiftyJSON",
        "repositoryURL": "https://github.com/SwiftyJSON/SwiftyJSON.git",
        "state": {
          "branch": null,
          "revision": "dadbfcffd5f51e2b488a26e83f188d96755e5393",
          "version": "3.1.4"
        }
      },
      {
        "package": "azureSwiftRuntime",
        "repositoryURL": "git@github.com:alvadb/autorest-clientruntime-for-swift.git",
        "state": {
          "branch": "master",
          "revision": "6560c9581f53468934ad6ec6e7a4206eafdc76f2",
          "version": null
        }
      }
    ]
  },
  "version": 1
}
